PODS:
  - FoursquareAPIClient (4.2.0)
  - Realm (3.17.0):
    - Realm/Headers (= 3.17.0)
  - Realm/Headers (3.17.0)
  - RealmSwift (3.17.0):
    - Realm (= 3.17.0)
  - TesseractOCRiOS (5.0.1)

DEPENDENCIES:
  - FoursquareAPIClient
  - RealmSwift
  - TesseractOCRiOS

SPEC REPOS:
  https://github.com/cocoapods/specs.git:
    - FoursquareAPIClient
    - Realm
    - RealmSwift
    - TesseractOCRiOS

SPEC CHECKSUMS:
  FoursquareAPIClient: 3cb02bb68cfdbc524741bf3ba110f94679082b46
  Realm: b30db41ff34fc858ffc25ba8d44a82c164e7ccd0
  RealmSwift: fe733e459d60dc7b6971d4cbee2eb4854097d12c
  TesseractOCRiOS: 2c189465f86abb030d0c5141c90da9705b647854

PODFILE CHECKSUM: f61db38761094f245ddfb00531ecf59b124fc7c9

COCOAPODS: 1.5.3
