PODS:
  - Charts (3.3.0):
    - Charts/Core (= 3.3.0)
  - Charts/Core (3.3.0)
  - Realm (3.21.0):
    - Realm/Headers (= 3.21.0)
  - Realm/Headers (3.21.0)
  - RealmSwift (3.21.0):
    - Realm (= 3.21.0)
  - UPCarouselFlowLayout (1.1.2)

DEPENDENCIES:
  - Charts
  - RealmSwift (= 3.21.0)
  - UPCarouselFlowLayout

SPEC REPOS:
  https://github.com/CocoaPods/Specs.git:
    - Charts
    - UPCarouselFlowLayout
  trunk:
    - Realm
    - RealmSwift

SPEC CHECKSUMS:
  Charts: e0dd4cd8f257bccf98407b58183ddca8e8d5b578
  Realm: 38e9dcb19104b58407167d99f70d4995f7c16023
  RealmSwift: 3183cc1ad48378fbcd634311b22c0e6c44021152
  UPCarouselFlowLayout: 4c7d2c43a10ebb1597bde502a53699d378341dad

PODFILE CHECKSUM: 67103b6f198444dc2bb7d7756dcec4ecbd8e3bb2

COCOAPODS: 1.8.3
