// !$*UTF8*$!
{
	archiveVersion = 1;
	classes = {
	};
	objectVersion = 50;
	objects = {

/* Begin PBXBuildFile section */
		24128F3758533D81B8C252A7 /* Pods_maxwise.framework in Frameworks */ = {isa = PBXBuildFile; fileRef = 1D895C0839495FDDC4C5431B /* Pods_maxwise.framework */; };
		5F470BD6220C6011002CD12D /* TextDetectionController.swift in Sources */ = {isa = PBXBuildFile; fileRef = 5F470BD5220C6011002CD12D /* TextDetectionController.swift */; };
		5F470BD9220C62E0002CD12D /* TextPickViewController.swift in Sources */ = {isa = PBXBuildFile; fileRef = 5F470BD7220C62E0002CD12D /* TextPickViewController.swift */; };
		5F470BDA220C62E0002CD12D /* TextPickViewController.xib in Resources */ = {isa = PBXBuildFile; fileRef = 5F470BD8220C62E0002CD12D /* TextPickViewController.xib */; };
		5F470BDF220CA765002CD12D /* BlurLabelView.swift in Sources */ = {isa = PBXBuildFile; fileRef = 5F470BDE220CA765002CD12D /* BlurLabelView.swift */; };
		5F4A3B6C220720870016BCC9 /* AppDelegate.swift in Sources */ = {isa = PBXBuildFile; fileRef = 5F4A3B6B220720870016BCC9 /* AppDelegate.swift */; };
		5F4A3B6E220720870016BCC9 /* ViewController.swift in Sources */ = {isa = PBXBuildFile; fileRef = 5F4A3B6D220720870016BCC9 /* ViewController.swift */; };
		5F4A3B71220720870016BCC9 /* Main.storyboard in Resources */ = {isa = PBXBuildFile; fileRef = 5F4A3B6F220720870016BCC9 /* Main.storyboard */; };
		5F4A3B73220720880016BCC9 /* Assets.xcassets in Resources */ = {isa = PBXBuildFile; fileRef = 5F4A3B72220720880016BCC9 /* Assets.xcassets */; };
		5F4A3B76220720880016BCC9 /* LaunchScreen.storyboard in Resources */ = {isa = PBXBuildFile; fileRef = 5F4A3B74220720880016BCC9 /* LaunchScreen.storyboard */; };
		5F4A3B81220720880016BCC9 /* maxwiseTests.swift in Sources */ = {isa = PBXBuildFile; fileRef = 5F4A3B80220720880016BCC9 /* maxwiseTests.swift */; };
		5F68787022073D8800F4FE7C /* TesseractOCR.framework in Frameworks */ = {isa = PBXBuildFile; fileRef = 5F68786F22073D8800F4FE7C /* TesseractOCR.framework */; };
		5F6878752207419600F4FE7C /* libz.tbd in Frameworks */ = {isa = PBXBuildFile; fileRef = 5F6878742207419600F4FE7C /* libz.tbd */; };
		5F6878772207425400F4FE7C /* tessdata in Resources */ = {isa = PBXBuildFile; fileRef = 5F6878762207425400F4FE7C /* tessdata */; };
		5F6878792207728C00F4FE7C /* DigitRecognizer.swift in Sources */ = {isa = PBXBuildFile; fileRef = 5F6878782207728C00F4FE7C /* DigitRecognizer.swift */; };
		5F68787B2207744D00F4FE7C /* CameraController.swift in Sources */ = {isa = PBXBuildFile; fileRef = 5F68787A2207744D00F4FE7C /* CameraController.swift */; };
		5FFD2C1D2207330B00DDFBE5 /* CoreImage.framework in Frameworks */ = {isa = PBXBuildFile; fileRef = 5FFD2C1C2207330B00DDFBE5 /* CoreImage.framework */; };
		5FFD2C212207353B00DDFBE5 /* libc++.tbd in Frameworks */ = {isa = PBXBuildFile; fileRef = 5FFD2C202207353B00DDFBE5 /* libc++.tbd */; };
		5FFD2C232207376A00DDFBE5 /* UIImage+Extension.swift in Sources */ = {isa = PBXBuildFile; fileRef = 5FFD2C222207376A00DDFBE5 /* UIImage+Extension.swift */; };
		CC54C85265F7F163F7B2471A /* Pods_maxwiseTests.framework in Frameworks */ = {isa = PBXBuildFile; fileRef = 3EEF6C5E4A26C62F0B443A44 /* Pods_maxwiseTests.framework */; };
/* End PBXBuildFile section */

/* Begin PBXContainerItemProxy section */
		5F4A3B7D220720880016BCC9 /* PBXContainerItemProxy */ = {
			isa = PBXContainerItemProxy;
			containerPortal = 5F4A3B60220720870016BCC9 /* Project object */;
			proxyType = 1;
			remoteGlobalIDString = 5F4A3B67220720870016BCC9;
			remoteInfo = maxwise;
		};
/* End PBXContainerItemProxy section */

/* Begin PBXFileReference section */
		1D895C0839495FDDC4C5431B /* Pods_maxwise.framework */ = {isa = PBXFileReference; explicitFileType = wrapper.framework; includeInIndex = 0; path = Pods_maxwise.framework; sourceTree = BUILT_PRODUCTS_DIR; };
		3EEF6C5E4A26C62F0B443A44 /* Pods_maxwiseTests.framework */ = {isa = PBXFileReference; explicitFileType = wrapper.framework; includeInIndex = 0; path = Pods_maxwiseTests.framework; sourceTree = BUILT_PRODUCTS_DIR; };
		5F470BD5220C6011002CD12D /* TextDetectionController.swift */ = {isa = PBXFileReference; lastKnownFileType = sourcecode.swift; path = TextDetectionController.swift; sourceTree = "<group>"; };
		5F470BD7220C62E0002CD12D /* TextPickViewController.swift */ = {isa = PBXFileReference; lastKnownFileType = sourcecode.swift; path = TextPickViewController.swift; sourceTree = "<group>"; };
		5F470BD8220C62E0002CD12D /* TextPickViewController.xib */ = {isa = PBXFileReference; lastKnownFileType = file.xib; path = TextPickViewController.xib; sourceTree = "<group>"; };
		5F470BDE220CA765002CD12D /* BlurLabelView.swift */ = {isa = PBXFileReference; lastKnownFileType = sourcecode.swift; path = BlurLabelView.swift; sourceTree = "<group>"; };
		5F4A3B68220720870016BCC9 /* maxwise.app */ = {isa = PBXFileReference; explicitFileType = wrapper.application; includeInIndex = 0; path = maxwise.app; sourceTree = BUILT_PRODUCTS_DIR; };
		5F4A3B6B220720870016BCC9 /* AppDelegate.swift */ = {isa = PBXFileReference; lastKnownFileType = sourcecode.swift; path = AppDelegate.swift; sourceTree = "<group>"; };
		5F4A3B6D220720870016BCC9 /* ViewController.swift */ = {isa = PBXFileReference; lastKnownFileType = sourcecode.swift; path = ViewController.swift; sourceTree = "<group>"; };
		5F4A3B70220720870016BCC9 /* Base */ = {isa = PBXFileReference; lastKnownFileType = file.storyboard; name = Base; path = Base.lproj/Main.storyboard; sourceTree = "<group>"; };
		5F4A3B72220720880016BCC9 /* Assets.xcassets */ = {isa = PBXFileReference; lastKnownFileType = folder.assetcatalog; path = Assets.xcassets; sourceTree = "<group>"; };
		5F4A3B75220720880016BCC9 /* Base */ = {isa = PBXFileReference; lastKnownFileType = file.storyboard; name = Base; path = Base.lproj/LaunchScreen.storyboard; sourceTree = "<group>"; };
		5F4A3B77220720880016BCC9 /* Info.plist */ = {isa = PBXFileReference; lastKnownFileType = text.plist.xml; path = Info.plist; sourceTree = "<group>"; };
		5F4A3B7C220720880016BCC9 /* maxwiseTests.xctest */ = {isa = PBXFileReference; explicitFileType = wrapper.cfbundle; includeInIndex = 0; path = maxwiseTests.xctest; sourceTree = BUILT_PRODUCTS_DIR; };
		5F4A3B80220720880016BCC9 /* maxwiseTests.swift */ = {isa = PBXFileReference; lastKnownFileType = sourcecode.swift; path = maxwiseTests.swift; sourceTree = "<group>"; };
		5F4A3B82220720880016BCC9 /* Info.plist */ = {isa = PBXFileReference; lastKnownFileType = text.plist.xml; path = Info.plist; sourceTree = "<group>"; };
		5F68786F22073D8800F4FE7C /* TesseractOCR.framework */ = {isa = PBXFileReference; explicitFileType = wrapper.framework; path = TesseractOCR.framework; sourceTree = BUILT_PRODUCTS_DIR; };
		5F6878742207419600F4FE7C /* libz.tbd */ = {isa = PBXFileReference; lastKnownFileType = "sourcecode.text-based-dylib-definition"; name = libz.tbd; path = usr/lib/libz.tbd; sourceTree = SDKROOT; };
		5F6878762207425400F4FE7C /* tessdata */ = {isa = PBXFileReference; lastKnownFileType = folder; path = tessdata; sourceTree = "<group>"; };
		5F6878782207728C00F4FE7C /* DigitRecognizer.swift */ = {isa = PBXFileReference; lastKnownFileType = sourcecode.swift; path = DigitRecognizer.swift; sourceTree = "<group>"; };
		5F68787A2207744D00F4FE7C /* CameraController.swift */ = {isa = PBXFileReference; lastKnownFileType = sourcecode.swift; path = CameraController.swift; sourceTree = "<group>"; };
		5FFD2C182207321800DDFBE5 /* TesseractOCR.framework */ = {isa = PBXFileReference; lastKnownFileType = wrapper.framework; name = TesseractOCR.framework; path = Carthage/Build/iOS/Static/TesseractOCR.framework; sourceTree = "<group>"; };
		5FFD2C1C2207330B00DDFBE5 /* CoreImage.framework */ = {isa = PBXFileReference; lastKnownFileType = wrapper.framework; name = CoreImage.framework; path = System/Library/Frameworks/CoreImage.framework; sourceTree = SDKROOT; };
		5FFD2C1E2207342100DDFBE5 /* TesseractOCRiOS.podspec */ = {isa = PBXFileReference; lastKnownFileType = text; name = TesseractOCRiOS.podspec; path = "Carthage/Checkouts/Tesseract-OCR-iOS/TesseractOCRiOS.podspec"; sourceTree = "<group>"; };
		5FFD2C202207353B00DDFBE5 /* libc++.tbd */ = {isa = PBXFileReference; lastKnownFileType = "sourcecode.text-based-dylib-definition"; name = "libc++.tbd"; path = "usr/lib/libc++.tbd"; sourceTree = SDKROOT; };
		5FFD2C222207376A00DDFBE5 /* UIImage+Extension.swift */ = {isa = PBXFileReference; lastKnownFileType = sourcecode.swift; path = "UIImage+Extension.swift"; sourceTree = "<group>"; };
		89CE2E999663A6CE2DA3855D /* Pods-maxwise.debug.xcconfig */ = {isa = PBXFileReference; includeInIndex = 1; lastKnownFileType = text.xcconfig; name = "Pods-maxwise.debug.xcconfig"; path = "Pods/Target Support Files/Pods-maxwise/Pods-maxwise.debug.xcconfig"; sourceTree = "<group>"; };
		AE8AA537479DCA59B808B9D1 /* Pods-maxwise.release.xcconfig */ = {isa = PBXFileReference; includeInIndex = 1; lastKnownFileType = text.xcconfig; name = "Pods-maxwise.release.xcconfig"; path = "Pods/Target Support Files/Pods-maxwise/Pods-maxwise.release.xcconfig"; sourceTree = "<group>"; };
		BFE3CBB719654DA4B77BCD30 /* Pods-maxwiseTests.debug.xcconfig */ = {isa = PBXFileReference; includeInIndex = 1; lastKnownFileType = text.xcconfig; name = "Pods-maxwiseTests.debug.xcconfig"; path = "Pods/Target Support Files/Pods-maxwiseTests/Pods-maxwiseTests.debug.xcconfig"; sourceTree = "<group>"; };
		F739ED49C2038FB2BE827A0C /* Pods-maxwiseTests.release.xcconfig */ = {isa = PBXFileReference; includeInIndex = 1; lastKnownFileType = text.xcconfig; name = "Pods-maxwiseTests.release.xcconfig"; path = "Pods/Target Support Files/Pods-maxwiseTests/Pods-maxwiseTests.release.xcconfig"; sourceTree = "<group>"; };
/* End PBXFileReference section */

/* Begin PBXFrameworksBuildPhase section */
		5F4A3B65220720870016BCC9 /* Frameworks */ = {
			isa = PBXFrameworksBuildPhase;
			buildActionMask = 2147483647;
			files = (
				5F6878752207419600F4FE7C /* libz.tbd in Frameworks */,
				5F68787022073D8800F4FE7C /* TesseractOCR.framework in Frameworks */,
				5FFD2C212207353B00DDFBE5 /* libc++.tbd in Frameworks */,
				5FFD2C1D2207330B00DDFBE5 /* CoreImage.framework in Frameworks */,
				24128F3758533D81B8C252A7 /* Pods_maxwise.framework in Frameworks */,
			);
			runOnlyForDeploymentPostprocessing = 0;
		};
		5F4A3B79220720880016BCC9 /* Frameworks */ = {
			isa = PBXFrameworksBuildPhase;
			buildActionMask = 2147483647;
			files = (
				CC54C85265F7F163F7B2471A /* Pods_maxwiseTests.framework in Frameworks */,
			);
			runOnlyForDeploymentPostprocessing = 0;
		};
/* End PBXFrameworksBuildPhase section */

/* Begin PBXGroup section */
		5F470BDB220C6715002CD12D /* Text Picking */ = {
			isa = PBXGroup;
			children = (
				5F470BD5220C6011002CD12D /* TextDetectionController.swift */,
				5F470BD7220C62E0002CD12D /* TextPickViewController.swift */,
				5F470BD8220C62E0002CD12D /* TextPickViewController.xib */,
				5F470BDE220CA765002CD12D /* BlurLabelView.swift */,
			);
			path = "Text Picking";
			sourceTree = "<group>";
		};
		5F4A3B5F220720870016BCC9 = {
			isa = PBXGroup;
			children = (
				5F4A3B6A220720870016BCC9 /* maxwise */,
				5F4A3B7F220720880016BCC9 /* maxwiseTests */,
				5F4A3B69220720870016BCC9 /* Products */,
				5FFD2C172207321700DDFBE5 /* Frameworks */,
				82867976399200E00ACBCD6C /* Pods */,
			);
			sourceTree = "<group>";
		};
		5F4A3B69220720870016BCC9 /* Products */ = {
			isa = PBXGroup;
			children = (
				5F4A3B68220720870016BCC9 /* maxwise.app */,
				5F4A3B7C220720880016BCC9 /* maxwiseTests.xctest */,
			);
			name = Products;
			sourceTree = "<group>";
		};
		5F4A3B6A220720870016BCC9 /* maxwise */ = {
			isa = PBXGroup;
			children = (
				5F6878762207425400F4FE7C /* tessdata */,
				5F4A3B6B220720870016BCC9 /* AppDelegate.swift */,
				5F4A3B6D220720870016BCC9 /* ViewController.swift */,
				5F4A3B6F220720870016BCC9 /* Main.storyboard */,
				5F4A3B72220720880016BCC9 /* Assets.xcassets */,
				5F4A3B74220720880016BCC9 /* LaunchScreen.storyboard */,
				5F4A3B77220720880016BCC9 /* Info.plist */,
				5FFD2C222207376A00DDFBE5 /* UIImage+Extension.swift */,
				5F6878782207728C00F4FE7C /* DigitRecognizer.swift */,
				5F68787A2207744D00F4FE7C /* CameraController.swift */,
				5F470BDB220C6715002CD12D /* Text Picking */,
			);
			path = maxwise;
			sourceTree = "<group>";
		};
		5F4A3B7F220720880016BCC9 /* maxwiseTests */ = {
			isa = PBXGroup;
			children = (
				5F4A3B80220720880016BCC9 /* maxwiseTests.swift */,
				5F4A3B82220720880016BCC9 /* Info.plist */,
			);
			path = maxwiseTests;
			sourceTree = "<group>";
		};
		5FFD2C172207321700DDFBE5 /* Frameworks */ = {
			isa = PBXGroup;
			children = (
				5F6878742207419600F4FE7C /* libz.tbd */,
				5F68786F22073D8800F4FE7C /* TesseractOCR.framework */,
				5FFD2C202207353B00DDFBE5 /* libc++.tbd */,
				5FFD2C1E2207342100DDFBE5 /* TesseractOCRiOS.podspec */,
				5FFD2C1C2207330B00DDFBE5 /* CoreImage.framework */,
				5FFD2C182207321800DDFBE5 /* TesseractOCR.framework */,
				1D895C0839495FDDC4C5431B /* Pods_maxwise.framework */,
				3EEF6C5E4A26C62F0B443A44 /* Pods_maxwiseTests.framework */,
			);
			name = Frameworks;
			sourceTree = "<group>";
		};
		82867976399200E00ACBCD6C /* Pods */ = {
			isa = PBXGroup;
			children = (
				89CE2E999663A6CE2DA3855D /* Pods-maxwise.debug.xcconfig */,
				AE8AA537479DCA59B808B9D1 /* Pods-maxwise.release.xcconfig */,
				BFE3CBB719654DA4B77BCD30 /* Pods-maxwiseTests.debug.xcconfig */,
				F739ED49C2038FB2BE827A0C /* Pods-maxwiseTests.release.xcconfig */,
			);
			name = Pods;
			sourceTree = "<group>";
		};
/* End PBXGroup section */

/* Begin PBXNativeTarget section */
		5F4A3B67220720870016BCC9 /* maxwise */ = {
			isa = PBXNativeTarget;
			buildConfigurationList = 5F4A3B85220720880016BCC9 /* Build configuration list for PBXNativeTarget "maxwise" */;
			buildPhases = (
				C44BF7B71AA5AC9A68C83A93 /* [CP] Check Pods Manifest.lock */,
				5F4A3B64220720870016BCC9 /* Sources */,
				5F4A3B65220720870016BCC9 /* Frameworks */,
				5F4A3B66220720870016BCC9 /* Resources */,
				C053B3759255C07B2D3C502B /* [CP] Embed Pods Frameworks */,
			);
			buildRules = (
			);
			dependencies = (
			);
			name = maxwise;
			productName = maxwise;
			productReference = 5F4A3B68220720870016BCC9 /* maxwise.app */;
			productType = "com.apple.product-type.application";
		};
		5F4A3B7B220720880016BCC9 /* maxwiseTests */ = {
			isa = PBXNativeTarget;
			buildConfigurationList = 5F4A3B88220720880016BCC9 /* Build configuration list for PBXNativeTarget "maxwiseTests" */;
			buildPhases = (
				3F0A058842427E97CC28592D /* [CP] Check Pods Manifest.lock */,
				5F4A3B78220720880016BCC9 /* Sources */,
				5F4A3B79220720880016BCC9 /* Frameworks */,
				5F4A3B7A220720880016BCC9 /* Resources */,
			);
			buildRules = (
			);
			dependencies = (
				5F4A3B7E220720880016BCC9 /* PBXTargetDependency */,
			);
			name = maxwiseTests;
			productName = maxwiseTests;
			productReference = 5F4A3B7C220720880016BCC9 /* maxwiseTests.xctest */;
			productType = "com.apple.product-type.bundle.unit-test";
		};
/* End PBXNativeTarget section */

/* Begin PBXProject section */
		5F4A3B60220720870016BCC9 /* Project object */ = {
			isa = PBXProject;
			attributes = {
				LastSwiftUpdateCheck = 1010;
				LastUpgradeCheck = 1010;
				ORGANIZATIONNAME = "Mindaugas Jucius";
				TargetAttributes = {
					5F4A3B67220720870016BCC9 = {
						CreatedOnToolsVersion = 10.1;
					};
					5F4A3B7B220720880016BCC9 = {
						CreatedOnToolsVersion = 10.1;
						TestTargetID = 5F4A3B67220720870016BCC9;
					};
				};
			};
			buildConfigurationList = 5F4A3B63220720870016BCC9 /* Build configuration list for PBXProject "maxwise" */;
			compatibilityVersion = "Xcode 9.3";
			developmentRegion = en;
			hasScannedForEncodings = 0;
			knownRegions = (
				en,
				Base,
			);
			mainGroup = 5F4A3B5F220720870016BCC9;
			productRefGroup = 5F4A3B69220720870016BCC9 /* Products */;
			projectDirPath = "";
			projectRoot = "";
			targets = (
				5F4A3B67220720870016BCC9 /* maxwise */,
				5F4A3B7B220720880016BCC9 /* maxwiseTests */,
			);
		};
/* End PBXProject section */

/* Begin PBXResourcesBuildPhase section */
		5F4A3B66220720870016BCC9 /* Resources */ = {
			isa = PBXResourcesBuildPhase;
			buildActionMask = 2147483647;
			files = (
				5F4A3B76220720880016BCC9 /* LaunchScreen.storyboard in Resources */,
				5F6878772207425400F4FE7C /* tessdata in Resources */,
				5F4A3B73220720880016BCC9 /* Assets.xcassets in Resources */,
				5F4A3B71220720870016BCC9 /* Main.storyboard in Resources */,
				5F470BDA220C62E0002CD12D /* TextPickViewController.xib in Resources */,
			);
			runOnlyForDeploymentPostprocessing = 0;
		};
		5F4A3B7A220720880016BCC9 /* Resources */ = {
			isa = PBXResourcesBuildPhase;
			buildActionMask = 2147483647;
			files = (
			);
			runOnlyForDeploymentPostprocessing = 0;
		};
/* End PBXResourcesBuildPhase section */

/* Begin PBXShellScriptBuildPhase section */
		3F0A058842427E97CC28592D /* [CP] Check Pods Manifest.lock */ = {
			isa = PBXShellScriptBuildPhase;
			buildActionMask = 2147483647;
			files = (
			);
			inputFileListPaths = (
			);
			inputPaths = (
				"${PODS_PODFILE_DIR_PATH}/Podfile.lock",
				"${PODS_ROOT}/Manifest.lock",
			);
			name = "[CP] Check Pods Manifest.lock";
			outputFileListPaths = (
			);
			outputPaths = (
				"$(DERIVED_FILE_DIR)/Pods-maxwiseTests-checkManifestLockResult.txt",
			);
			runOnlyForDeploymentPostprocessing = 0;
			shellPath = /bin/sh;
			shellScript = "diff \"${PODS_PODFILE_DIR_PATH}/Podfile.lock\" \"${PODS_ROOT}/Manifest.lock\" > /dev/null\nif [ $? != 0 ] ; then\n    # print error to STDERR\n    echo \"error: The sandbox is not in sync with the Podfile.lock. Run 'pod install' or update your CocoaPods installation.\" >&2\n    exit 1\nfi\n# This output is used by Xcode 'outputs' to avoid re-running this script phase.\necho \"SUCCESS\" > \"${SCRIPT_OUTPUT_FILE_0}\"\n";
			showEnvVarsInLog = 0;
		};
		C053B3759255C07B2D3C502B /* [CP] Embed Pods Frameworks */ = {
			isa = PBXShellScriptBuildPhase;
			buildActionMask = 2147483647;
			files = (
			);
			inputFileListPaths = (
			);
			inputPaths = (
				"${SRCROOT}/Pods/Target Support Files/Pods-maxwise/Pods-maxwise-frameworks.sh",
				"${BUILT_PRODUCTS_DIR}/TesseractOCRiOS/TesseractOCR.framework",
			);
			name = "[CP] Embed Pods Frameworks";
			outputFileListPaths = (
			);
			outputPaths = (
				"${TARGET_BUILD_DIR}/${FRAMEWORKS_FOLDER_PATH}/TesseractOCR.framework",
			);
			runOnlyForDeploymentPostprocessing = 0;
			shellPath = /bin/sh;
			shellScript = "\"${SRCROOT}/Pods/Target Support Files/Pods-maxwise/Pods-maxwise-frameworks.sh\"\n";
			showEnvVarsInLog = 0;
		};
		C44BF7B71AA5AC9A68C83A93 /* [CP] Check Pods Manifest.lock */ = {
			isa = PBXShellScriptBuildPhase;
			buildActionMask = 2147483647;
			files = (
			);
			inputFileListPaths = (
			);
			inputPaths = (
				"${PODS_PODFILE_DIR_PATH}/Podfile.lock",
				"${PODS_ROOT}/Manifest.lock",
			);
			name = "[CP] Check Pods Manifest.lock";
			outputFileListPaths = (
			);
			outputPaths = (
				"$(DERIVED_FILE_DIR)/Pods-maxwise-checkManifestLockResult.txt",
			);
			runOnlyForDeploymentPostprocessing = 0;
			shellPath = /bin/sh;
			shellScript = "diff \"${PODS_PODFILE_DIR_PATH}/Podfile.lock\" \"${PODS_ROOT}/Manifest.lock\" > /dev/null\nif [ $? != 0 ] ; then\n    # print error to STDERR\n    echo \"error: The sandbox is not in sync with the Podfile.lock. Run 'pod install' or update your CocoaPods installation.\" >&2\n    exit 1\nfi\n# This output is used by Xcode 'outputs' to avoid re-running this script phase.\necho \"SUCCESS\" > \"${SCRIPT_OUTPUT_FILE_0}\"\n";
			showEnvVarsInLog = 0;
		};
/* End PBXShellScriptBuildPhase section */

/* Begin PBXSourcesBuildPhase section */
		5F4A3B64220720870016BCC9 /* Sources */ = {
			isa = PBXSourcesBuildPhase;
			buildActionMask = 2147483647;
			files = (
				5F470BD6220C6011002CD12D /* TextDetectionController.swift in Sources */,
				5F470BDF220CA765002CD12D /* BlurLabelView.swift in Sources */,
				5FFD2C232207376A00DDFBE5 /* UIImage+Extension.swift in Sources */,
				5F6878792207728C00F4FE7C /* DigitRecognizer.swift in Sources */,
				5F4A3B6E220720870016BCC9 /* ViewController.swift in Sources */,
				5F470BD9220C62E0002CD12D /* TextPickViewController.swift in Sources */,
				5F4A3B6C220720870016BCC9 /* AppDelegate.swift in Sources */,
				5F68787B2207744D00F4FE7C /* CameraController.swift in Sources */,
			);
			runOnlyForDeploymentPostprocessing = 0;
		};
		5F4A3B78220720880016BCC9 /* Sources */ = {
			isa = PBXSourcesBuildPhase;
			buildActionMask = 2147483647;
			files = (
				5F4A3B81220720880016BCC9 /* maxwiseTests.swift in Sources */,
			);
			runOnlyForDeploymentPostprocessing = 0;
		};
/* End PBXSourcesBuildPhase section */

/* Begin PBXTargetDependency section */
		5F4A3B7E220720880016BCC9 /* PBXTargetDependency */ = {
			isa = PBXTargetDependency;
			target = 5F4A3B67220720870016BCC9 /* maxwise */;
			targetProxy = 5F4A3B7D220720880016BCC9 /* PBXContainerItemProxy */;
		};
/* End PBXTargetDependency section */

/* Begin PBXVariantGroup section */
		5F4A3B6F220720870016BCC9 /* Main.storyboard */ = {
			isa = PBXVariantGroup;
			children = (
				5F4A3B70220720870016BCC9 /* Base */,
			);
			name = Main.storyboard;
			sourceTree = "<group>";
		};
		5F4A3B74220720880016BCC9 /* LaunchScreen.storyboard */ = {
			isa = PBXVariantGroup;
			children = (
				5F4A3B75220720880016BCC9 /* Base */,
			);
			name = LaunchScreen.storyboard;
			sourceTree = "<group>";
		};
/* End PBXVariantGroup section */

/* Begin XCBuildConfiguration section */
		5F4A3B83220720880016BCC9 /* Debug */ = {
			isa = XCBuildConfiguration;
			buildSettings = {
				ALWAYS_SEARCH_USER_PATHS = NO;
				CLANG_ANALYZER_NONNULL = YES;
				CLANG_ANALYZER_NUMBER_OBJECT_CONVERSION = YES_AGGRESSIVE;
				CLANG_CXX_LANGUAGE_STANDARD = "gnu++14";
				CLANG_CXX_LIBRARY = "libc++";
				CLANG_ENABLE_MODULES = YES;
				CLANG_ENABLE_OBJC_ARC = YES;
				CLANG_ENABLE_OBJC_WEAK = YES;
				CLANG_WARN_BLOCK_CAPTURE_AUTORELEASING = YES;
				CLANG_WARN_BOOL_CONVERSION = YES;
				CLANG_WARN_COMMA = YES;
				CLANG_WARN_CONSTANT_CONVERSION = YES;
				CLANG_WARN_DEPRECATED_OBJC_IMPLEMENTATIONS = YES;
				CLANG_WARN_DIRECT_OBJC_ISA_USAGE = YES_ERROR;
				CLANG_WARN_DOCUMENTATION_COMMENTS = YES;
				CLANG_WARN_EMPTY_BODY = YES;
				CLANG_WARN_ENUM_CONVERSION = YES;
				CLANG_WARN_INFINITE_RECURSION = YES;
				CLANG_WARN_INT_CONVERSION = YES;
				CLANG_WARN_NON_LITERAL_NULL_CONVERSION = YES;
				CLANG_WARN_OBJC_IMPLICIT_RETAIN_SELF = YES;
				CLANG_WARN_OBJC_LITERAL_CONVERSION = YES;
				CLANG_WARN_OBJC_ROOT_CLASS = YES_ERROR;
				CLANG_WARN_RANGE_LOOP_ANALYSIS = YES;
				CLANG_WARN_STRICT_PROTOTYPES = YES;
				CLANG_WARN_SUSPICIOUS_MOVE = YES;
				CLANG_WARN_UNGUARDED_AVAILABILITY = YES_AGGRESSIVE;
				CLANG_WARN_UNREACHABLE_CODE = YES;
				CLANG_WARN__DUPLICATE_METHOD_MATCH = YES;
				CODE_SIGN_IDENTITY = "iPhone Developer";
				COPY_PHASE_STRIP = NO;
				DEBUG_INFORMATION_FORMAT = dwarf;
				ENABLE_STRICT_OBJC_MSGSEND = YES;
				ENABLE_TESTABILITY = YES;
				GCC_C_LANGUAGE_STANDARD = gnu11;
				GCC_DYNAMIC_NO_PIC = NO;
				GCC_NO_COMMON_BLOCKS = YES;
				GCC_OPTIMIZATION_LEVEL = 0;
				GCC_PREPROCESSOR_DEFINITIONS = (
					"DEBUG=1",
					"$(inherited)",
				);
				GCC_WARN_64_TO_32_BIT_CONVERSION = YES;
				GCC_WARN_ABOUT_RETURN_TYPE = YES_ERROR;
				GCC_WARN_UNDECLARED_SELECTOR = YES;
				GCC_WARN_UNINITIALIZED_AUTOS = YES_AGGRESSIVE;
				GCC_WARN_UNUSED_FUNCTION = YES;
				GCC_WARN_UNUSED_VARIABLE = YES;
				IPHONEOS_DEPLOYMENT_TARGET = 12.1;
				MTL_ENABLE_DEBUG_INFO = INCLUDE_SOURCE;
				MTL_FAST_MATH = YES;
				ONLY_ACTIVE_ARCH = YES;
				SDKROOT = iphoneos;
				SWIFT_ACTIVE_COMPILATION_CONDITIONS = DEBUG;
				SWIFT_OPTIMIZATION_LEVEL = "-Onone";
			};
			name = Debug;
		};
		5F4A3B84220720880016BCC9 /* Release */ = {
			isa = XCBuildConfiguration;
			buildSettings = {
				ALWAYS_SEARCH_USER_PATHS = NO;
				CLANG_ANALYZER_NONNULL = YES;
				CLANG_ANALYZER_NUMBER_OBJECT_CONVERSION = YES_AGGRESSIVE;
				CLANG_CXX_LANGUAGE_STANDARD = "gnu++14";
				CLANG_CXX_LIBRARY = "libc++";
				CLANG_ENABLE_MODULES = YES;
				CLANG_ENABLE_OBJC_ARC = YES;
				CLANG_ENABLE_OBJC_WEAK = YES;
				CLANG_WARN_BLOCK_CAPTURE_AUTORELEASING = YES;
				CLANG_WARN_BOOL_CONVERSION = YES;
				CLANG_WARN_COMMA = YES;
				CLANG_WARN_CONSTANT_CONVERSION = YES;
				CLANG_WARN_DEPRECATED_OBJC_IMPLEMENTATIONS = YES;
				CLANG_WARN_DIRECT_OBJC_ISA_USAGE = YES_ERROR;
				CLANG_WARN_DOCUMENTATION_COMMENTS = YES;
				CLANG_WARN_EMPTY_BODY = YES;
				CLANG_WARN_ENUM_CONVERSION = YES;
				CLANG_WARN_INFINITE_RECURSION = YES;
				CLANG_WARN_INT_CONVERSION = YES;
				CLANG_WARN_NON_LITERAL_NULL_CONVERSION = YES;
				CLANG_WARN_OBJC_IMPLICIT_RETAIN_SELF = YES;
				CLANG_WARN_OBJC_LITERAL_CONVERSION = YES;
				CLANG_WARN_OBJC_ROOT_CLASS = YES_ERROR;
				CLANG_WARN_RANGE_LOOP_ANALYSIS = YES;
				CLANG_WARN_STRICT_PROTOTYPES = YES;
				CLANG_WARN_SUSPICIOUS_MOVE = YES;
				CLANG_WARN_UNGUARDED_AVAILABILITY = YES_AGGRESSIVE;
				CLANG_WARN_UNREACHABLE_CODE = YES;
				CLANG_WARN__DUPLICATE_METHOD_MATCH = YES;
				CODE_SIGN_IDENTITY = "iPhone Developer";
				COPY_PHASE_STRIP = NO;
				DEBUG_INFORMATION_FORMAT = "dwarf-with-dsym";
				ENABLE_NS_ASSERTIONS = NO;
				ENABLE_STRICT_OBJC_MSGSEND = YES;
				GCC_C_LANGUAGE_STANDARD = gnu11;
				GCC_NO_COMMON_BLOCKS = YES;
				GCC_WARN_64_TO_32_BIT_CONVERSION = YES;
				GCC_WARN_ABOUT_RETURN_TYPE = YES_ERROR;
				GCC_WARN_UNDECLARED_SELECTOR = YES;
				GCC_WARN_UNINITIALIZED_AUTOS = YES_AGGRESSIVE;
				GCC_WARN_UNUSED_FUNCTION = YES;
				GCC_WARN_UNUSED_VARIABLE = YES;
				IPHONEOS_DEPLOYMENT_TARGET = 12.1;
				MTL_ENABLE_DEBUG_INFO = NO;
				MTL_FAST_MATH = YES;
				SDKROOT = iphoneos;
				SWIFT_COMPILATION_MODE = wholemodule;
				SWIFT_OPTIMIZATION_LEVEL = "-O";
				VALIDATE_PRODUCT = YES;
			};
			name = Release;
		};
		5F4A3B86220720880016BCC9 /* Debug */ = {
			isa = XCBuildConfiguration;
			baseConfigurationReference = 89CE2E999663A6CE2DA3855D /* Pods-maxwise.debug.xcconfig */;
			buildSettings = {
				ALWAYS_EMBED_SWIFT_STANDARD_LIBRARIES = YES;
				ASSETCATALOG_COMPILER_APPICON_NAME = AppIcon;
				CODE_SIGN_STYLE = Automatic;
				DEVELOPMENT_TEAM = A72F8YLPQR;
				FRAMEWORK_SEARCH_PATHS = (
					"$(inherited)",
					"$(PROJECT_DIR)/Carthage/Build/iOS/Static",
				);
				INFOPLIST_FILE = maxwise/Info.plist;
				IPHONEOS_DEPLOYMENT_TARGET = 12.0;
				LD_RUNPATH_SEARCH_PATHS = (
					"$(inherited)",
					"@executable_path/Frameworks",
				);
				PRODUCT_BUNDLE_IDENTIFIER = mindaugas.vaziuojame.maxwise;
				PRODUCT_NAME = "$(TARGET_NAME)";
				SWIFT_VERSION = 4.2;
				TARGETED_DEVICE_FAMILY = 1;
			};
			name = Debug;
		};
		5F4A3B87220720880016BCC9 /* Release */ = {
			isa = XCBuildConfiguration;
			baseConfigurationReference = AE8AA537479DCA59B808B9D1 /* Pods-maxwise.release.xcconfig */;
			buildSettings = {
				ALWAYS_EMBED_SWIFT_STANDARD_LIBRARIES = YES;
				ASSETCATALOG_COMPILER_APPICON_NAME = AppIcon;
				CODE_SIGN_STYLE = Automatic;
				DEVELOPMENT_TEAM = A72F8YLPQR;
				FRAMEWORK_SEARCH_PATHS = (
					"$(inherited)",
					"$(PROJECT_DIR)/Carthage/Build/iOS/Static",
				);
				INFOPLIST_FILE = maxwise/Info.plist;
				IPHONEOS_DEPLOYMENT_TARGET = 12.0;
				LD_RUNPATH_SEARCH_PATHS = (
					"$(inherited)",
					"@executable_path/Frameworks",
				);
				PRODUCT_BUNDLE_IDENTIFIER = mindaugas.vaziuojame.maxwise;
				PRODUCT_NAME = "$(TARGET_NAME)";
				SWIFT_VERSION = 4.2;
				TARGETED_DEVICE_FAMILY = 1;
			};
			name = Release;
		};
		5F4A3B89220720880016BCC9 /* Debug */ = {
			isa = XCBuildConfiguration;
			baseConfigurationReference = BFE3CBB719654DA4B77BCD30 /* Pods-maxwiseTests.debug.xcconfig */;
			buildSettings = {
				ALWAYS_EMBED_SWIFT_STANDARD_LIBRARIES = YES;
				BUNDLE_LOADER = "$(TEST_HOST)";
				CODE_SIGN_STYLE = Automatic;
				DEVELOPMENT_TEAM = PDR4VQLAH4;
				INFOPLIST_FILE = maxwiseTests/Info.plist;
				LD_RUNPATH_SEARCH_PATHS = (
					"$(inherited)",
					"@executable_path/Frameworks",
					"@loader_path/Frameworks",
				);
				PRODUCT_BUNDLE_IDENTIFIER = mindaugas.vaziuojam.maxwiseTests;
				PRODUCT_NAME = "$(TARGET_NAME)";
				SWIFT_VERSION = 4.2;
				TARGETED_DEVICE_FAMILY = "1,2";
				TEST_HOST = "$(BUILT_PRODUCTS_DIR)/maxwise.app/maxwise";
			};
			name = Debug;
		};
		5F4A3B8A220720880016BCC9 /* Release */ = {
			isa = XCBuildConfiguration;
			baseConfigurationReference = F739ED49C2038FB2BE827A0C /* Pods-maxwiseTests.release.xcconfig */;
			buildSettings = {
				ALWAYS_EMBED_SWIFT_STANDARD_LIBRARIES = YES;
				BUNDLE_LOADER = "$(TEST_HOST)";
				CODE_SIGN_STYLE = Automatic;
				DEVELOPMENT_TEAM = PDR4VQLAH4;
				INFOPLIST_FILE = maxwiseTests/Info.plist;
				LD_RUNPATH_SEARCH_PATHS = (
					"$(inherited)",
					"@executable_path/Frameworks",
					"@loader_path/Frameworks",
				);
				PRODUCT_BUNDLE_IDENTIFIER = mindaugas.vaziuojam.maxwiseTests;
				PRODUCT_NAME = "$(TARGET_NAME)";
				SWIFT_VERSION = 4.2;
				TARGETED_DEVICE_FAMILY = "1,2";
				TEST_HOST = "$(BUILT_PRODUCTS_DIR)/maxwise.app/maxwise";
			};
			name = Release;
		};
/* End XCBuildConfiguration section */

/* Begin XCConfigurationList section */
		5F4A3B63220720870016BCC9 /* Build configuration list for PBXProject "maxwise" */ = {
			isa = XCConfigurationList;
			buildConfigurations = (
				5F4A3B83220720880016BCC9 /* Debug */,
				5F4A3B84220720880016BCC9 /* Release */,
			);
			defaultConfigurationIsVisible = 0;
			defaultConfigurationName = Release;
		};
		5F4A3B85220720880016BCC9 /* Build configuration list for PBXNativeTarget "maxwise" */ = {
			isa = XCConfigurationList;
			buildConfigurations = (
				5F4A3B86220720880016BCC9 /* Debug */,
				5F4A3B87220720880016BCC9 /* Release */,
			);
			defaultConfigurationIsVisible = 0;
			defaultConfigurationName = Release;
		};
		5F4A3B88220720880016BCC9 /* Build configuration list for PBXNativeTarget "maxwiseTests" */ = {
			isa = XCConfigurationList;
			buildConfigurations = (
				5F4A3B89220720880016BCC9 /* Debug */,
				5F4A3B8A220720880016BCC9 /* Release */,
			);
			defaultConfigurationIsVisible = 0;
			defaultConfigurationName = Release;
		};
/* End XCConfigurationList section */
	};
	rootObject = 5F4A3B60220720870016BCC9 /* Project object */;
}
